
Microsoft Visual Studio Solution File, Format Version 12.00
# Visual Studio Version 17
VisualStudioVersion = 17.4.33213.308
MinimumVisualStudioVersion = 10.0.40219.1
Project("{9A19103F-16F7-4668-BE54-9A1E7A4F7556}") = "QuizProject", "QuizProject\QuizProject.csproj", "{37367C7E-ABDE-437D-9D8B-5F4520B6CA23}"
EndProject
Project("{FAE04EC0-301F-11D3-BF4B-00C04F79EFBC}") = "QuizProject.Domain", "QuizProject.Domain\QuizProject.Domain.csproj", "{146CCB5E-6962-44D3-BB89-7E1F269D5731}"
EndProject
Global
	GlobalSection(SolutionConfigurationPlatforms) = preSolution
		Debug|Any CPU = Debug|Any CPU
		Release|Any CPU = Release|Any CPU
	EndGlobalSection
	GlobalSection(ProjectConfigurationPlatforms) = postSolution
		{37367C7E-ABDE-437D-9D8B-5F4520B6CA23}.Debug|Any CPU.ActiveCfg = Debug|Any CPU
		{37367C7E-ABDE-437D-9D8B-5F4520B6CA23}.Debug|Any CPU.Build.0 = Debug|Any CPU
		{37367C7E-ABDE-437D-9D8B-5F4520B6CA23}.Release|Any CPU.ActiveCfg = Release|Any CPU
		{37367C7E-ABDE-437D-9D8B-5F4520B6CA23}.Release|Any CPU.Build.0 = Release|Any CPU
		{146CCB5E-6962-44D3-BB89-7E1F269D5731}.Debug|Any CPU.ActiveCfg = Debug|Any CPU
		{146CCB5E-6962-44D3-BB89-7E1F269D5731}.Debug|Any CPU.Build.0 = Debug|Any CPU
		{146CCB5E-6962-44D3-BB89-7E1F269D5731}.Release|Any CPU.ActiveCfg = Release|Any CPU
		{146CCB5E-6962-44D3-BB89-7E1F269D5731}.Release|Any CPU.Build.0 = Release|Any CPU
	EndGlobalSection
	GlobalSection(SolutionProperties) = preSolution
		HideSolutionNode = FALSE
	EndGlobalSection
	GlobalSection(ExtensibilityGlobals) = postSolution
		SolutionGuid = {8BD29A63-96D7-49F3-B5EA-2D6E7FE77C00}
	EndGlobalSection
EndGlobal
